// !$*UTF8*$!
{
	archiveVersion = 1;
	classes = {
	};
	objectVersion = 56;
	objects = {

/* Begin PBXBuildFile section */
		D794153E2C7FA8FD00FEDFFA /* AppDelegate.swift in Sources */ = {isa = PBXBuildFile; fileRef = D794153D2C7FA8FD00FEDFFA /* AppDelegate.swift */; };
		D79415402C7FA8FD00FEDFFA /* SceneDelegate.swift in Sources */ = {isa = PBXBuildFile; fileRef = D794153F2C7FA8FD00FEDFFA /* SceneDelegate.swift */; };
		D79415422C7FA8FD00FEDFFA /* ViewController.swift in Sources */ = {isa = PBXBuildFile; fileRef = D79415412C7FA8FD00FEDFFA /* ViewController.swift */; };
		D79415452C7FA8FD00FEDFFA /* Main.storyboard in Resources */ = {isa = PBXBuildFile; fileRef = D79415432C7FA8FD00FEDFFA /* Main.storyboard */; };
		D79415472C7FA8FF00FEDFFA /* Assets.xcassets in Resources */ = {isa = PBXBuildFile; fileRef = D79415462C7FA8FF00FEDFFA /* Assets.xcassets */; };
		D794154A2C7FA8FF00FEDFFA /* LaunchScreen.storyboard in Resources */ = {isa = PBXBuildFile; fileRef = D79415482C7FA8FF00FEDFFA /* LaunchScreen.storyboard */; };
		D79415552C7FA8FF00FEDFFA /* TicTacToeTests.swift in Sources */ = {isa = PBXBuildFile; fileRef = D79415542C7FA8FF00FEDFFA /* TicTacToeTests.swift */; };
		D794155F2C7FA8FF00FEDFFA /* TicTacToeUITests.swift in Sources */ = {isa = PBXBuildFile; fileRef = D794155E2C7FA8FF00FEDFFA /* TicTacToeUITests.swift */; };
		D79415612C7FA8FF00FEDFFA /* TicTacToeUITestsLaunchTests.swift in Sources */ = {isa = PBXBuildFile; fileRef = D79415602C7FA8FF00FEDFFA /* TicTacToeUITestsLaunchTests.swift */; };
/* End PBXBuildFile section */

/* Begin PBXContainerItemProxy section */
		D79415512C7FA8FF00FEDFFA /* PBXContainerItemProxy */ = {
			isa = PBXContainerItemProxy;
			containerPortal = D79415322C7FA8FD00FEDFFA /* Project object */;
			proxyType = 1;
			remoteGlobalIDString = D79415392C7FA8FD00FEDFFA;
			remoteInfo = TicTacToe;
		};
		D794155B2C7FA8FF00FEDFFA /* PBXContainerItemProxy */ = {
			isa = PBXContainerItemProxy;
			containerPortal = D79415322C7FA8FD00FEDFFA /* Project object */;
			proxyType = 1;
			remoteGlobalIDString = D79415392C7FA8FD00FEDFFA;
			remoteInfo = TicTacToe;
		};
/* End PBXContainerItemProxy section */

/* Begin PBXFileReference section */
		D794153A2C7FA8FD00FEDFFA /* TicTacToe.app */ = {isa = PBXFileReference; explicitFileType = wrapper.application; includeInIndex = 0; path = TicTacToe.app; sourceTree = BUILT_PRODUCTS_DIR; };
		D794153D2C7FA8FD00FEDFFA /* AppDelegate.swift */ = {isa = PBXFileReference; lastKnownFileType = sourcecode.swift; path = AppDelegate.swift; sourceTree = "<group>"; };
		D794153F2C7FA8FD00FEDFFA /* SceneDelegate.swift */ = {isa = PBXFileReference; lastKnownFileType = sourcecode.swift; path = SceneDelegate.swift; sourceTree = "<group>"; };
		D79415412C7FA8FD00FEDFFA /* ViewController.swift */ = {isa = PBXFileReference; lastKnownFileType = sourcecode.swift; path = ViewController.swift; sourceTree = "<group>"; };
		D79415442C7FA8FD00FEDFFA /* Base */ = {isa = PBXFileReference; lastKnownFileType = file.storyboard; name = Base; path = Base.lproj/Main.storyboard; sourceTree = "<group>"; };
		D79415462C7FA8FF00FEDFFA /* Assets.xcassets */ = {isa = PBXFileReference; lastKnownFileType = folder.assetcatalog; path = Assets.xcassets; sourceTree = "<group>"; };
		D79415492C7FA8FF00FEDFFA /* Base */ = {isa = PBXFileReference; lastKnownFileType = file.storyboard; name = Base; path = Base.lproj/LaunchScreen.storyboard; sourceTree = "<group>"; };
		D794154B2C7FA8FF00FEDFFA /* Info.plist */ = {isa = PBXFileReference; lastKnownFileType = text.plist.xml; path = Info.plist; sourceTree = "<group>"; };
		D79415502C7FA8FF00FEDFFA /* TicTacToeTests.xctest */ = {isa = PBXFileReference; explicitFileType = wrapper.cfbundle; includeInIndex = 0; path = TicTacToeTests.xctest; sourceTree = BUILT_PRODUCTS_DIR; };
		D79415542C7FA8FF00FEDFFA /* TicTacToeTests.swift */ = {isa = PBXFileReference; lastKnownFileType = sourcecode.swift; path = TicTacToeTests.swift; sourceTree = "<group>"; };
		D794155A2C7FA8FF00FEDFFA /* TicTacToeUITests.xctest */ = {isa = PBXFileReference; explicitFileType = wrapper.cfbundle; includeInIndex = 0; path = TicTacToeUITests.xctest; sourceTree = BUILT_PRODUCTS_DIR; };
		D794155E2C7FA8FF00FEDFFA /* TicTacToeUITests.swift */ = {isa = PBXFileReference; lastKnownFileType = sourcecode.swift; path = TicTacToeUITests.swift; sourceTree = "<group>"; };
		D79415602C7FA8FF00FEDFFA /* TicTacToeUITestsLaunchTests.swift */ = {isa = PBXFileReference; lastKnownFileType = sourcecode.swift; path = TicTacToeUITestsLaunchTests.swift; sourceTree = "<group>"; };
/* End PBXFileReference section */

/* Begin PBXFrameworksBuildPhase section */
		D79415372C7FA8FD00FEDFFA /* Frameworks */ = {
			isa = PBXFrameworksBuildPhase;
			buildActionMask = 2147483647;
			files = (
			);
			runOnlyForDeploymentPostprocessing = 0;
		};
		D794154D2C7FA8FF00FEDFFA /* Frameworks */ = {
			isa = PBXFrameworksBuildPhase;
			buildActionMask = 2147483647;
			files = (
			);
			runOnlyForDeploymentPostprocessing = 0;
		};
		D79415572C7FA8FF00FEDFFA /* Frameworks */ = {
			isa = PBXFrameworksBuildPhase;
			buildActionMask = 2147483647;
			files = (
			);
			runOnlyForDeploymentPostprocessing = 0;
		};
/* End PBXFrameworksBuildPhase section */

/* Begin PBXGroup section */
		D79415312C7FA8FD00FEDFFA = {
			isa = PBXGroup;
			children = (
				D794153C2C7FA8FD00FEDFFA /* TicTacToe */,
				D79415532C7FA8FF00FEDFFA /* TicTacToeTests */,
				D794155D2C7FA8FF00FEDFFA /* TicTacToeUITests */,
				D794153B2C7FA8FD00FEDFFA /* Products */,
			);
			sourceTree = "<group>";
		};
		D794153B2C7FA8FD00FEDFFA /* Products */ = {
			isa = PBXGroup;
			children = (
				D794153A2C7FA8FD00FEDFFA /* TicTacToe.app */,
				D79415502C7FA8FF00FEDFFA /* TicTacToeTests.xctest */,
				D794155A2C7FA8FF00FEDFFA /* TicTacToeUITests.xctest */,
			);
			name = Products;
			sourceTree = "<group>";
		};
		D794153C2C7FA8FD00FEDFFA /* TicTacToe */ = {
			isa = PBXGroup;
			children = (
				D794153D2C7FA8FD00FEDFFA /* AppDelegate.swift */,
				D794153F2C7FA8FD00FEDFFA /* SceneDelegate.swift */,
				D79415412C7FA8FD00FEDFFA /* ViewController.swift */,
				D79415432C7FA8FD00FEDFFA /* Main.storyboard */,
				D79415462C7FA8FF00FEDFFA /* Assets.xcassets */,
				D79415482C7FA8FF00FEDFFA /* LaunchScreen.storyboard */,
				D794154B2C7FA8FF00FEDFFA /* Info.plist */,
			);
			path = TicTacToe;
			sourceTree = "<group>";
		};
		D79415532C7FA8FF00FEDFFA /* TicTacToeTests */ = {
			isa = PBXGroup;
			children = (
				D79415542C7FA8FF00FEDFFA /* TicTacToeTests.swift */,
			);
			path = TicTacToeTests;
			sourceTree = "<group>";
		};
		D794155D2C7FA8FF00FEDFFA /* TicTacToeUITests */ = {
			isa = PBXGroup;
			children = (
				D794155E2C7FA8FF00FEDFFA /* TicTacToeUITests.swift */,
				D79415602C7FA8FF00FEDFFA /* TicTacToeUITestsLaunchTests.swift */,
			);
			path = TicTacToeUITests;
			sourceTree = "<group>";
		};
/* End PBXGroup section */

/* Begin PBXNativeTarget section */
		D79415392C7FA8FD00FEDFFA /* TicTacToe */ = {
			isa = PBXNativeTarget;
			buildConfigurationList = D79415642C7FA8FF00FEDFFA /* Build configuration list for PBXNativeTarget "TicTacToe" */;
			buildPhases = (
				D79415362C7FA8FD00FEDFFA /* Sources */,
				D79415372C7FA8FD00FEDFFA /* Frameworks */,
				D79415382C7FA8FD00FEDFFA /* Resources */,
			);
			buildRules = (
			);
			dependencies = (
			);
			name = TicTacToe;
			productName = TicTacToe;
			productReference = D794153A2C7FA8FD00FEDFFA /* TicTacToe.app */;
			productType = "com.apple.product-type.application";
		};
		D794154F2C7FA8FF00FEDFFA /* TicTacToeTests */ = {
			isa = PBXNativeTarget;
			buildConfigurationList = D79415672C7FA8FF00FEDFFA /* Build configuration list for PBXNativeTarget "TicTacToeTests" */;
			buildPhases = (
				D794154C2C7FA8FF00FEDFFA /* Sources */,
				D794154D2C7FA8FF00FEDFFA /* Frameworks */,
				D794154E2C7FA8FF00FEDFFA /* Resources */,
			);
			buildRules = (
			);
			dependencies = (
				D79415522C7FA8FF00FEDFFA /* PBXTargetDependency */,
			);
			name = TicTacToeTests;
			productName = TicTacToeTests;
			productReference = D79415502C7FA8FF00FEDFFA /* TicTacToeTests.xctest */;
			productType = "com.apple.product-type.bundle.unit-test";
		};
		D79415592C7FA8FF00FEDFFA /* TicTacToeUITests */ = {
			isa = PBXNativeTarget;
			buildConfigurationList = D794156A2C7FA8FF00FEDFFA /* Build configuration list for PBXNativeTarget "TicTacToeUITests" */;
			buildPhases = (
				D79415562C7FA8FF00FEDFFA /* Sources */,
				D79415572C7FA8FF00FEDFFA /* Frameworks */,
				D79415582C7FA8FF00FEDFFA /* Resources */,
			);
			buildRules = (
			);
			dependencies = (
				D794155C2C7FA8FF00FEDFFA /* PBXTargetDependency */,
			);
			name = TicTacToeUITests;
			productName = TicTacToeUITests;
			productReference = D794155A2C7FA8FF00FEDFFA /* TicTacToeUITests.xctest */;
			productType = "com.apple.product-type.bundle.ui-testing";
		};
/* End PBXNativeTarget section */

/* Begin PBXProject section */
		D79415322C7FA8FD00FEDFFA /* Project object */ = {
			isa = PBXProject;
			attributes = {
				BuildIndependentTargetsInParallel = 1;
				LastSwiftUpdateCheck = 1400;
				LastUpgradeCheck = 1400;
				TargetAttributes = {
					D79415392C7FA8FD00FEDFFA = {
						CreatedOnToolsVersion = 14.0.1;
					};
					D794154F2C7FA8FF00FEDFFA = {
						CreatedOnToolsVersion = 14.0.1;
						TestTargetID = D79415392C7FA8FD00FEDFFA;
					};
					D79415592C7FA8FF00FEDFFA = {
						CreatedOnToolsVersion = 14.0.1;
						TestTargetID = D79415392C7FA8FD00FEDFFA;
					};
				};
			};
			buildConfigurationList = D79415352C7FA8FD00FEDFFA /* Build configuration list for PBXProject "TicTacToe" */;
			compatibilityVersion = "Xcode 14.0";
			developmentRegion = en;
			hasScannedForEncodings = 0;
			knownRegions = (
				en,
				Base,
			);
			mainGroup = D79415312C7FA8FD00FEDFFA;
			productRefGroup = D794153B2C7FA8FD00FEDFFA /* Products */;
			projectDirPath = "";
			projectRoot = "";
			targets = (
				D79415392C7FA8FD00FEDFFA /* TicTacToe */,
				D794154F2C7FA8FF00FEDFFA /* TicTacToeTests */,
				D79415592C7FA8FF00FEDFFA /* TicTacToeUITests */,
			);
		};
/* End PBXProject section */

/* Begin PBXResourcesBuildPhase section */
		D79415382C7FA8FD00FEDFFA /* Resources */ = {
			isa = PBXResourcesBuildPhase;
			buildActionMask = 2147483647;
			files = (
				D794154A2C7FA8FF00FEDFFA /* LaunchScreen.storyboard in Resources */,
				D79415472C7FA8FF00FEDFFA /* Assets.xcassets in Resources */,
				D79415452C7FA8FD00FEDFFA /* Main.storyboard in Resources */,
			);
			runOnlyForDeploymentPostprocessing = 0;
		};
		D794154E2C7FA8FF00FEDFFA /* Resources */ = {
			isa = PBXResourcesBuildPhase;
			buildActionMask = 2147483647;
			files = (
			);
			runOnlyForDeploymentPostprocessing = 0;
		};
		D79415582C7FA8FF00FEDFFA /* Resources */ = {
			isa = PBXResourcesBuildPhase;
			buildActionMask = 2147483647;
			files = (
			);
			runOnlyForDeploymentPostprocessing = 0;
		};
/* End PBXResourcesBuildPhase section */

/* Begin PBXSourcesBuildPhase section */
		D79415362C7FA8FD00FEDFFA /* Sources */ = {
			isa = PBXSourcesBuildPhase;
			buildActionMask = 2147483647;
			files = (
				D79415422C7FA8FD00FEDFFA /* ViewController.swift in Sources */,
				D794153E2C7FA8FD00FEDFFA /* AppDelegate.swift in Sources */,
				D79415402C7FA8FD00FEDFFA /* SceneDelegate.swift in Sources */,
			);
			runOnlyForDeploymentPostprocessing = 0;
		};
		D794154C2C7FA8FF00FEDFFA /* Sources */ = {
			isa = PBXSourcesBuildPhase;
			buildActionMask = 2147483647;
			files = (
				D79415552C7FA8FF00FEDFFA /* TicTacToeTests.swift in Sources */,
			);
			runOnlyForDeploymentPostprocessing = 0;
		};
		D79415562C7FA8FF00FEDFFA /* Sources */ = {
			isa = PBXSourcesBuildPhase;
			buildActionMask = 2147483647;
			files = (
				D794155F2C7FA8FF00FEDFFA /* TicTacToeUITests.swift in Sources */,
				D79415612C7FA8FF00FEDFFA /* TicTacToeUITestsLaunchTests.swift in Sources */,
			);
			runOnlyForDeploymentPostprocessing = 0;
		};
/* End PBXSourcesBuildPhase section */

/* Begin PBXTargetDependency section */
		D79415522C7FA8FF00FEDFFA /* PBXTargetDependency */ = {
			isa = PBXTargetDependency;
			target = D79415392C7FA8FD00FEDFFA /* TicTacToe */;
			targetProxy = D79415512C7FA8FF00FEDFFA /* PBXContainerItemProxy */;
		};
		D794155C2C7FA8FF00FEDFFA /* PBXTargetDependency */ = {
			isa = PBXTargetDependency;
			target = D79415392C7FA8FD00FEDFFA /* TicTacToe */;
			targetProxy = D794155B2C7FA8FF00FEDFFA /* PBXContainerItemProxy */;
		};
/* End PBXTargetDependency section */

/* Begin PBXVariantGroup section */
		D79415432C7FA8FD00FEDFFA /* Main.storyboard */ = {
			isa = PBXVariantGroup;
			children = (
				D79415442C7FA8FD00FEDFFA /* Base */,
			);
			name = Main.storyboard;
			sourceTree = "<group>";
		};
		D79415482C7FA8FF00FEDFFA /* LaunchScreen.storyboard */ = {
			isa = PBXVariantGroup;
			children = (
				D79415492C7FA8FF00FEDFFA /* Base */,
			);
			name = LaunchScreen.storyboard;
			sourceTree = "<group>";
		};
/* End PBXVariantGroup section */

/* Begin XCBuildConfiguration section */
		D79415622C7FA8FF00FEDFFA /* Debug */ = {
			isa = XCBuildConfiguration;
			buildSettings = {
				ALWAYS_SEARCH_USER_PATHS = NO;
				CLANG_ANALYZER_NONNULL = YES;
				CLANG_ANALYZER_NUMBER_OBJECT_CONVERSION = YES_AGGRESSIVE;
				CLANG_CXX_LANGUAGE_STANDARD = "gnu++20";
				CLANG_ENABLE_MODULES = YES;
				CLANG_ENABLE_OBJC_ARC = YES;
				CLANG_ENABLE_OBJC_WEAK = YES;
				CLANG_WARN_BLOCK_CAPTURE_AUTORELEASING = YES;
				CLANG_WARN_BOOL_CONVERSION = YES;
				CLANG_WARN_COMMA = YES;
				CLANG_WARN_CONSTANT_CONVERSION = YES;
				CLANG_WARN_DEPRECATED_OBJC_IMPLEMENTATIONS = YES;
				CLANG_WARN_DIRECT_OBJC_ISA_USAGE = YES_ERROR;
				CLANG_WARN_DOCUMENTATION_COMMENTS = YES;
				CLANG_WARN_EMPTY_BODY = YES;
				CLANG_WARN_ENUM_CONVERSION = YES;
				CLANG_WARN_INFINITE_RECURSION = YES;
				CLANG_WARN_INT_CONVERSION = YES;
				CLANG_WARN_NON_LITERAL_NULL_CONVERSION = YES;
				CLANG_WARN_OBJC_IMPLICIT_RETAIN_SELF = YES;
				CLANG_WARN_OBJC_LITERAL_CONVERSION = YES;
				CLANG_WARN_OBJC_ROOT_CLASS = YES_ERROR;
				CLANG_WARN_QUOTED_INCLUDE_IN_FRAMEWORK_HEADER = YES;
				CLANG_WARN_RANGE_LOOP_ANALYSIS = YES;
				CLANG_WARN_STRICT_PROTOTYPES = YES;
				CLANG_WARN_SUSPICIOUS_MOVE = YES;
				CLANG_WARN_UNGUARDED_AVAILABILITY = YES_AGGRESSIVE;
				CLANG_WARN_UNREACHABLE_CODE = YES;
				CLANG_WARN__DUPLICATE_METHOD_MATCH = YES;
				COPY_PHASE_STRIP = NO;
				DEBUG_INFORMATION_FORMAT = dwarf;
				ENABLE_STRICT_OBJC_MSGSEND = YES;
				ENABLE_TESTABILITY = YES;
				GCC_C_LANGUAGE_STANDARD = gnu11;
				GCC_DYNAMIC_NO_PIC = NO;
				GCC_NO_COMMON_BLOCKS = YES;
				GCC_OPTIMIZATION_LEVEL = 0;
				GCC_PREPROCESSOR_DEFINITIONS = (
					"DEBUG=1",
					"$(inherited)",
				);
				GCC_WARN_64_TO_32_BIT_CONVERSION = YES;
				GCC_WARN_ABOUT_RETURN_TYPE = YES_ERROR;
				GCC_WARN_UNDECLARED_SELECTOR = YES;
				GCC_WARN_UNINITIALIZED_AUTOS = YES_AGGRESSIVE;
				GCC_WARN_UNUSED_FUNCTION = YES;
				GCC_WARN_UNUSED_VARIABLE = YES;
				IPHONEOS_DEPLOYMENT_TARGET = 16.0;
				MTL_ENABLE_DEBUG_INFO = INCLUDE_SOURCE;
				MTL_FAST_MATH = YES;
				ONLY_ACTIVE_ARCH = YES;
				SDKROOT = iphoneos;
				SWIFT_ACTIVE_COMPILATION_CONDITIONS = DEBUG;
				SWIFT_OPTIMIZATION_LEVEL = "-Onone";
			};
			name = Debug;
		};
		D79415632C7FA8FF00FEDFFA /* Release */ = {
			isa = XCBuildConfiguration;
			buildSettings = {
				ALWAYS_SEARCH_USER_PATHS = NO;
				CLANG_ANALYZER_NONNULL = YES;
				CLANG_ANALYZER_NUMBER_OBJECT_CONVERSION = YES_AGGRESSIVE;
				CLANG_CXX_LANGUAGE_STANDARD = "gnu++20";
				CLANG_ENABLE_MODULES = YES;
				CLANG_ENABLE_OBJC_ARC = YES;
				CLANG_ENABLE_OBJC_WEAK = YES;
				CLANG_WARN_BLOCK_CAPTURE_AUTORELEASING = YES;
				CLANG_WARN_BOOL_CONVERSION = YES;
				CLANG_WARN_COMMA = YES;
				CLANG_WARN_CONSTANT_CONVERSION = YES;
				CLANG_WARN_DEPRECATED_OBJC_IMPLEMENTATIONS = YES;
				CLANG_WARN_DIRECT_OBJC_ISA_USAGE = YES_ERROR;
				CLANG_WARN_DOCUMENTATION_COMMENTS = YES;
				CLANG_WARN_EMPTY_BODY = YES;
				CLANG_WARN_ENUM_CONVERSION = YES;
				CLANG_WARN_INFINITE_RECURSION = YES;
				CLANG_WARN_INT_CONVERSION = YES;
				CLANG_WARN_NON_LITERAL_NULL_CONVERSION = YES;
				CLANG_WARN_OBJC_IMPLICIT_RETAIN_SELF = YES;
				CLANG_WARN_OBJC_LITERAL_CONVERSION = YES;
				CLANG_WARN_OBJC_ROOT_CLASS = YES_ERROR;
				CLANG_WARN_QUOTED_INCLUDE_IN_FRAMEWORK_HEADER = YES;
				CLANG_WARN_RANGE_LOOP_ANALYSIS = YES;
				CLANG_WARN_STRICT_PROTOTYPES = YES;
				CLANG_WARN_SUSPICIOUS_MOVE = YES;
				CLANG_WARN_UNGUARDED_AVAILABILITY = YES_AGGRESSIVE;
				CLANG_WARN_UNREACHABLE_CODE = YES;
				CLANG_WARN__DUPLICATE_METHOD_MATCH = YES;
				COPY_PHASE_STRIP = NO;
				DEBUG_INFORMATION_FORMAT = "dwarf-with-dsym";
				ENABLE_NS_ASSERTIONS = NO;
				ENABLE_STRICT_OBJC_MSGSEND = YES;
				GCC_C_LANGUAGE_STANDARD = gnu11;
				GCC_NO_COMMON_BLOCKS = YES;
				GCC_WARN_64_TO_32_BIT_CONVERSION = YES;
				GCC_WARN_ABOUT_RETURN_TYPE = YES_ERROR;
				GCC_WARN_UNDECLARED_SELECTOR = YES;
				GCC_WARN_UNINITIALIZED_AUTOS = YES_AGGRESSIVE;
				GCC_WARN_UNUSED_FUNCTION = YES;
				GCC_WARN_UNUSED_VARIABLE = YES;
				IPHONEOS_DEPLOYMENT_TARGET = 16.0;
				MTL_ENABLE_DEBUG_INFO = NO;
				MTL_FAST_MATH = YES;
				SDKROOT = iphoneos;
				SWIFT_COMPILATION_MODE = wholemodule;
				SWIFT_OPTIMIZATION_LEVEL = "-O";
				VALIDATE_PRODUCT = YES;
			};
			name = Release;
		};
		D79415652C7FA8FF00FEDFFA /* Debug */ = {
			isa = XCBuildConfiguration;
			buildSettings = {
				ASSETCATALOG_COMPILER_APPICON_NAME = AppIcon;
				ASSETCATALOG_COMPILER_GLOBAL_ACCENT_COLOR_NAME = AccentColor;
				CODE_SIGN_STYLE = Automatic;
				CURRENT_PROJECT_VERSION = 1;
				DEVELOPMENT_TEAM = CUYUV8LBF7;
				GENERATE_INFOPLIST_FILE = YES;
				INFOPLIST_FILE = TicTacToe/Info.plist;
				INFOPLIST_KEY_UIApplicationSupportsIndirectInputEvents = YES;
				INFOPLIST_KEY_UILaunchStoryboardName = LaunchScreen;
				INFOPLIST_KEY_UIMainStoryboardFile = Main;
				INFOPLIST_KEY_UISupportedInterfaceOrientations_iPad = "UIInterfaceOrientationPortrait UIInterfaceOrientationPortraitUpsideDown UIInterfaceOrientationLandscapeLeft UIInterfaceOrientationLandscapeRight";
				INFOPLIST_KEY_UISupportedInterfaceOrientations_iPhone = "UIInterfaceOrientationPortrait UIInterfaceOrientationLandscapeLeft UIInterfaceOrientationLandscapeRight";
				LD_RUNPATH_SEARCH_PATHS = (
					"$(inherited)",
					"@executable_path/Frameworks",
				);
				MARKETING_VERSION = 1.0;
				PRODUCT_BUNDLE_IDENTIFIER = lovecode.TicTacToe;
				PRODUCT_NAME = "$(TARGET_NAME)";
				SWIFT_EMIT_LOC_STRINGS = YES;
				SWIFT_VERSION = 5.0;
				TARGETED_DEVICE_FAMILY = "1,2";
			};
			name = Debug;
		};
		D79415662C7FA8FF00FEDFFA /* Release */ = {
			isa = XCBuildConfiguration;
			buildSettings = {
				ASSETCATALOG_COMPILER_APPICON_NAME = AppIcon;
				ASSETCATALOG_COMPILER_GLOBAL_ACCENT_COLOR_NAME = AccentColor;
				CODE_SIGN_STYLE = Automatic;
				CURRENT_PROJECT_VERSION = 1;
				DEVELOPMENT_TEAM = CUYUV8LBF7;
				GENERATE_INFOPLIST_FILE = YES;
				INFOPLIST_FILE = TicTacToe/Info.plist;
				INFOPLIST_KEY_UIApplicationSupportsIndirectInputEvents = YES;
				INFOPLIST_KEY_UILaunchStoryboardName = LaunchScreen;
				INFOPLIST_KEY_UIMainStoryboardFile = Main;
				INFOPLIST_KEY_UISupportedInterfaceOrientations_iPad = "UIInterfaceOrientationPortrait UIInterfaceOrientationPortraitUpsideDown UIInterfaceOrientationLandscapeLeft UIInterfaceOrientationLandscapeRight";
				INFOPLIST_KEY_UISupportedInterfaceOrientations_iPhone = "UIInterfaceOrientationPortrait UIInterfaceOrientationLandscapeLeft UIInterfaceOrientationLandscapeRight";
				LD_RUNPATH_SEARCH_PATHS = (
					"$(inherited)",
					"@executable_path/Frameworks",
				);
				MARKETING_VERSION = 1.0;
				PRODUCT_BUNDLE_IDENTIFIER = lovecode.TicTacToe;
				PRODUCT_NAME = "$(TARGET_NAME)";
				SWIFT_EMIT_LOC_STRINGS = YES;
				SWIFT_VERSION = 5.0;
				TARGETED_DEVICE_FAMILY = "1,2";
			};
			name = Release;
		};
		D79415682C7FA8FF00FEDFFA /* Debug */ = {
			isa = XCBuildConfiguration;
			buildSettings = {
				ALWAYS_EMBED_SWIFT_STANDARD_LIBRARIES = YES;
				BUNDLE_LOADER = "$(TEST_HOST)";
				CODE_SIGN_STYLE = Automatic;
				CURRENT_PROJECT_VERSION = 1;
				DEVELOPMENT_TEAM = CUYUV8LBF7;
				GENERATE_INFOPLIST_FILE = YES;
				IPHONEOS_DEPLOYMENT_TARGET = 16.0;
				MARKETING_VERSION = 1.0;
				PRODUCT_BUNDLE_IDENTIFIER = lovecode.TicTacToeTests;
				PRODUCT_NAME = "$(TARGET_NAME)";
				SWIFT_EMIT_LOC_STRINGS = NO;
				SWIFT_VERSION = 5.0;
				TARGETED_DEVICE_FAMILY = "1,2";
				TEST_HOST = "$(BUILT_PRODUCTS_DIR)/TicTacToe.app/$(BUNDLE_EXECUTABLE_FOLDER_PATH)/TicTacToe";
			};
			name = Debug;
		};
		D79415692C7FA8FF00FEDFFA /* Release */ = {
			isa = XCBuildConfiguration;
			buildSettings = {
				ALWAYS_EMBED_SWIFT_STANDARD_LIBRARIES = YES;
				BUNDLE_LOADER = "$(TEST_HOST)";
				CODE_SIGN_STYLE = Automatic;
				CURRENT_PROJECT_VERSION = 1;
				DEVELOPMENT_TEAM = CUYUV8LBF7;
				GENERATE_INFOPLIST_FILE = YES;
				IPHONEOS_DEPLOYMENT_TARGET = 16.0;
				MARKETING_VERSION = 1.0;
				PRODUCT_BUNDLE_IDENTIFIER = lovecode.TicTacToeTests;
				PRODUCT_NAME = "$(TARGET_NAME)";
				SWIFT_EMIT_LOC_STRINGS = NO;
				SWIFT_VERSION = 5.0;
				TARGETED_DEVICE_FAMILY = "1,2";
				TEST_HOST = "$(BUILT_PRODUCTS_DIR)/TicTacToe.app/$(BUNDLE_EXECUTABLE_FOLDER_PATH)/TicTacToe";
			};
			name = Release;
		};
		D794156B2C7FA8FF00FEDFFA /* Debug */ = {
			isa = XCBuildConfiguration;
			buildSettings = {
				ALWAYS_EMBED_SWIFT_STANDARD_LIBRARIES = YES;
				CODE_SIGN_STYLE = Automatic;
				CURRENT_PROJECT_VERSION = 1;
				DEVELOPMENT_TEAM = CUYUV8LBF7;
				GENERATE_INFOPLIST_FILE = YES;
				MARKETING_VERSION = 1.0;
				PRODUCT_BUNDLE_IDENTIFIER = lovecode.TicTacToeUITests;
				PRODUCT_NAME = "$(TARGET_NAME)";
				SWIFT_EMIT_LOC_STRINGS = NO;
				SWIFT_VERSION = 5.0;
				TARGETED_DEVICE_FAMILY = "1,2";
				TEST_TARGET_NAME = TicTacToe;
			};
			name = Debug;
		};
		D794156C2C7FA8FF00FEDFFA /* Release */ = {
			isa = XCBuildConfiguration;
			buildSettings = {
				ALWAYS_EMBED_SWIFT_STANDARD_LIBRARIES = YES;
				CODE_SIGN_STYLE = Automatic;
				CURRENT_PROJECT_VERSION = 1;
				DEVELOPMENT_TEAM = CUYUV8LBF7;
				GENERATE_INFOPLIST_FILE = YES;
				MARKETING_VERSION = 1.0;
				PRODUCT_BUNDLE_IDENTIFIER = lovecode.TicTacToeUITests;
				PRODUCT_NAME = "$(TARGET_NAME)";
				SWIFT_EMIT_LOC_STRINGS = NO;
				SWIFT_VERSION = 5.0;
				TARGETED_DEVICE_FAMILY = "1,2";
				TEST_TARGET_NAME = TicTacToe;
			};
			name = Release;
		};
/* End XCBuildConfiguration section */

/* Begin XCConfigurationList section */
		D79415352C7FA8FD00FEDFFA /* Build configuration list for PBXProject "TicTacToe" */ = {
			isa = XCConfigurationList;
			buildConfigurations = (
				D79415622C7FA8FF00FEDFFA /* Debug */,
				D79415632C7FA8FF00FEDFFA /* Release */,
			);
			defaultConfigurationIsVisible = 0;
			defaultConfigurationName = Release;
		};
		D79415642C7FA8FF00FEDFFA /* Build configuration list for PBXNativeTarget "TicTacToe" */ = {
			isa = XCConfigurationList;
			buildConfigurations = (
				D79415652C7FA8FF00FEDFFA /* Debug */,
				D79415662C7FA8FF00FEDFFA /* Release */,
			);
			defaultConfigurationIsVisible = 0;
			defaultConfigurationName = Release;
		};
		D79415672C7FA8FF00FEDFFA /* Build configuration list for PBXNativeTarget "TicTacToeTests" */ = {
			isa = XCConfigurationList;
			buildConfigurations = (
				D79415682C7FA8FF00FEDFFA /* Debug */,
				D79415692C7FA8FF00FEDFFA /* Release */,
			);
			defaultConfigurationIsVisible = 0;
			defaultConfigurationName = Release;
		};
		D794156A2C7FA8FF00FEDFFA /* Build configuration list for PBXNativeTarget "TicTacToeUITests" */ = {
			isa = XCConfigurationList;
			buildConfigurations = (
				D794156B2C7FA8FF00FEDFFA /* Debug */,
				D794156C2C7FA8FF00FEDFFA /* Release */,
			);
			defaultConfigurationIsVisible = 0;
			defaultConfigurationName = Release;
		};
/* End XCConfigurationList section */
	};
	rootObject = D79415322C7FA8FD00FEDFFA /* Project object */;
}
